
Microsoft Visual Studio Solution File, Format Version 12.00
# Visual Studio Version 17
VisualStudioVersion = 17.2.32630.192
MinimumVisualStudioVersion = 10.0.40219.1
Project("{9A19103F-16F7-4668-BE54-9A1E7A4F7556}") = "GrpcServer", "GrpcServer\GrpcServer.csproj", "{4952DE5D-F3BB-4EAA-85A8-E72D0E5FC407}"
EndProject
Project("{9A19103F-16F7-4668-BE54-9A1E7A4F7556}") = "Client01", "Client01\Client01.csproj", "{F29A2E51-97EE-405D-9BE8-3071A8D5CDE3}"
EndProject
Global
	GlobalSection(SolutionConfigurationPlatforms) = preSolution
		Debug|Any CPU = Debug|Any CPU
		Release|Any CPU = Release|Any CPU
	EndGlobalSection
	GlobalSection(ProjectConfigurationPlatforms) = postSolution
		{4952DE5D-F3BB-4EAA-85A8-E72D0E5FC407}.Debug|Any CPU.ActiveCfg = Debug|Any CPU
		{4952DE5D-F3BB-4EAA-85A8-E72D0E5FC407}.Debug|Any CPU.Build.0 = Debug|Any CPU
		{4952DE5D-F3BB-4EAA-85A8-E72D0E5FC407}.Release|Any CPU.ActiveCfg = Release|Any CPU
		{4952DE5D-F3BB-4EAA-85A8-E72D0E5FC407}.Release|Any CPU.Build.0 = Release|Any CPU
		{F29A2E51-97EE-405D-9BE8-3071A8D5CDE3}.Debug|Any CPU.ActiveCfg = Debug|Any CPU
		{F29A2E51-97EE-405D-9BE8-3071A8D5CDE3}.Debug|Any CPU.Build.0 = Debug|Any CPU
		{F29A2E51-97EE-405D-9BE8-3071A8D5CDE3}.Release|Any CPU.ActiveCfg = Release|Any CPU
		{F29A2E51-97EE-405D-9BE8-3071A8D5CDE3}.Release|Any CPU.Build.0 = Release|Any CPU
	EndGlobalSection
	GlobalSection(SolutionProperties) = preSolution
		HideSolutionNode = FALSE
	EndGlobalSection
	GlobalSection(ExtensibilityGlobals) = postSolution
		SolutionGuid = {9EF94EB2-BEB3-4A10-8387-4FBFCB247DD7}
	EndGlobalSection
EndGlobal
